lockfileVersion: 5.4

specifiers:
  "@types/lodash-es": ^4.17.6
  "@types/mustache": ^4.2.2
  "@types/node": ^18.13.0
  axios: ^1.3.3
  axios-auth-refresh: ^3.3.6
  fp-ts: ^2.13.1
  fp-ts-contrib: ^0.1.29
  is-retry-allowed: ^3.0.0
  lodash-es: ^4.17.21
  mustache: ^4.2.0
  prettier: ^2.8.4
  rxjs: ^7.8.0
  ts-extras: ^0.11.0
  tsx: ^3.12.3
  type-fest: ^3.5.7
  typescript: 5.0.0-beta
  valorant-api-types: ^0.4.1
  zod: ^3.20.6

dependencies:
  axios: 1.3.3
  axios-auth-refresh: 3.3.6_axios@1.3.3
  fp-ts: 2.13.1
  fp-ts-contrib: 0.1.29_fp-ts@2.13.1
  is-retry-allowed: 3.0.0
  lodash-es: 4.17.21
  rxjs: 7.8.0
  ts-extras: 0.11.0
  type-fest: 3.5.7
  valorant-api-types: 0.4.1
  zod: 3.20.6

devDependencies:
  "@types/lodash-es": 4.17.6
  "@types/mustache": 4.2.2
  "@types/node": 18.13.0
  mustache: 4.2.0
  prettier: 2.8.4
  tsx: 3.12.3
  typescript: 5.0.0-beta

packages:
  /@esbuild-kit/cjs-loader/2.4.2:
    resolution:
      {
        integrity: sha512-BDXFbYOJzT/NBEtp71cvsrGPwGAMGRB/349rwKuoxNSiKjPraNNnlK6MIIabViCjqZugu6j+xeMDlEkWdHHJSg==,
      }
    dependencies:
      "@esbuild-kit/core-utils": 3.1.0
      get-tsconfig: 4.4.0
    dev: true

  /@esbuild-kit/core-utils/3.1.0:
    resolution:
      {
        integrity: sha512-Uuk8RpCg/7fdHSceR1M6XbSZFSuMrxcePFuGgyvsBn+u339dk5OeL4jv2EojwTN2st/unJGsVm4qHWjWNmJ/tw==,
      }
    dependencies:
      esbuild: 0.17.9
      source-map-support: 0.5.21
    dev: true

  /@esbuild-kit/esm-loader/2.5.5:
    resolution:
      {
        integrity: sha512-Qwfvj/qoPbClxCRNuac1Du01r9gvNOT+pMYtJDapfB1eoGN1YlJ1BixLyL9WVENRx5RXgNLdfYdx/CuswlGhMw==,
      }
    dependencies:
      "@esbuild-kit/core-utils": 3.1.0
      get-tsconfig: 4.4.0
    dev: true

  /@esbuild/android-arm/0.17.9:
    resolution:
      {
        integrity: sha512-efHnZVJldh2e18fK40RYzYTTRDzZ0QgL9V/73PSsAH43BauvjVwkqSHPhbcn77H0EQOUM2JPuO/XCg7jcKt94A==,
      }
    engines: { node: ">=12" }
    cpu: [arm]
    os: [android]
    requiresBuild: true
    dev: true
    optional: true

  /@esbuild/android-arm64/0.17.9:
    resolution:
      {
        integrity: sha512-bqds/6lXsCA7JhHGKIM/R80sy3BAIBR0HWyeas0bW57QVHT3Rz5sf4oUVS4ZsmN+J+8IgNnaIT2PXZ0pnRcLKg==,
      }
    engines: { node: ">=12" }
    cpu: [arm64]
    os: [android]
    requiresBuild: true
    dev: true
    optional: true

  /@esbuild/android-x64/0.17.9:
    resolution:
      {
        integrity: sha512-pP+MLR/k8BAYZuOqEkjAaQd9/pzbNS52pNFiXgdiCHb/16u6o7s0rPF8vPlVg+1s8ii+M6HrymL4534xYwCQCA==,
      }
    engines: { node: ">=12" }
    cpu: [x64]
    os: [android]
    requiresBuild: true
    dev: true
    optional: true

  /@esbuild/darwin-arm64/0.17.9:
    resolution:
      {
        integrity: sha512-Gdbnu/RCIGHE/zqLHZwujTXnHz0lBQxK9+llrbxm5tO46CMhqiOhUuA5Zt6q2imULNoPJtxmhspHSAQtcx2pkw==,
      }
    engines: { node: ">=12" }
    cpu: [arm64]
    os: [darwin]
    requiresBuild: true
    dev: true
    optional: true

  /@esbuild/darwin-x64/0.17.9:
    resolution:
      {
        integrity: sha512-GEZsUsDjJnCTVWuaq1cJ1Y3oV9GmNj/h4j6jA29VYSip7S7nSSiAo4dQFBJg734QKZZFos8fHc4abJpoN2ebGw==,
      }
    engines: { node: ">=12" }
    cpu: [x64]
    os: [darwin]
    requiresBuild: true
    dev: true
    optional: true

  /@esbuild/freebsd-arm64/0.17.9:
    resolution:
      {
        integrity: sha512-l3v6bZdpZIG4RpNKObqNqJhDvqQO5JqQlU2S+KyMCbf0xQhYCbTuhu5kKY8hndM1oKhmqq6VfPWhOSf6P3XT/g==,
      }
    engines: { node: ">=12" }
    cpu: [arm64]
    os: [freebsd]
    requiresBuild: true
    dev: true
    optional: true

  /@esbuild/freebsd-x64/0.17.9:
    resolution:
      {
        integrity: sha512-o/qhS0gbIdS0AjgiT0mbdiRIyNVRD31N81c1H7NNM4p6jVkSvScqo0v9eYJ+30mPhJsL26BwSNiuFJzD/SCyuw==,
      }
    engines: { node: ">=12" }
    cpu: [x64]
    os: [freebsd]
    requiresBuild: true
    dev: true
    optional: true

  /@esbuild/linux-arm/0.17.9:
    resolution:
      {
        integrity: sha512-AhSVW1uIbcXssQ1D+Mn0txGgcxU32ikvIxuqkmjLC7dUpcX0JuwkPgdqTOicuBjG06GV4WvXSHcKCBUjN+oBxA==,
      }
    engines: { node: ">=12" }
    cpu: [arm]
    os: [linux]
    requiresBuild: true
    dev: true
    optional: true

  /@esbuild/linux-arm64/0.17.9:
    resolution:
      {
        integrity: sha512-o3bvDJn9txfMxrCVJATbL3NeksMT9MGqSN7vTeG9g+387rDzfUiWpF5CN/L0MoI3QTicTydEDOx0PVX8/q+nCA==,
      }
    engines: { node: ">=12" }
    cpu: [arm64]
    os: [linux]
    requiresBuild: true
    dev: true
    optional: true

  /@esbuild/linux-ia32/0.17.9:
    resolution:
      {
        integrity: sha512-fh3Eb+jMHDJUd08vEYL8swRT7zJo4lhrcG8NYuosHVeT49XQ0Bn9xLMtgtYXjCw5aB11aphAUwnzawvDqJCqTQ==,
      }
    engines: { node: ">=12" }
    cpu: [ia32]
    os: [linux]
    requiresBuild: true
    dev: true
    optional: true

  /@esbuild/linux-loong64/0.17.9:
    resolution:
      {
        integrity: sha512-+DvqOzQLkXonfQTHo4PTlbiTCfz0Rx6oYn3fQrUlPX2PffGOth4HjuP4jHeFbw0YFfOErhjM6n481nB4VTmmFQ==,
      }
    engines: { node: ">=12" }
    cpu: [loong64]
    os: [linux]
    requiresBuild: true
    dev: true
    optional: true

  /@esbuild/linux-mips64el/0.17.9:
    resolution:
      {
        integrity: sha512-9O0HhtxRzx9OOqavv7kIONncJXxhzrbDFmOD+cJ/3UUsy8dn52J6X2xCeUOxbmEOXYP2K+uha7b1AXG/URhF5Q==,
      }
    engines: { node: ">=12" }
    cpu: [mips64el]
    os: [linux]
    requiresBuild: true
    dev: true
    optional: true

  /@esbuild/linux-ppc64/0.17.9:
    resolution:
      {
        integrity: sha512-tOwSTDZ0X5rcYK3OyfJVf4fFlvYLv3HGCOJxdE9gZVeRkXXd6O9CJ/A4Li1Tt9JQs9kJcFWCXxCwhY70h+t9iw==,
      }
    engines: { node: ">=12" }
    cpu: [ppc64]
    os: [linux]
    requiresBuild: true
    dev: true
    optional: true

  /@esbuild/linux-riscv64/0.17.9:
    resolution:
      {
        integrity: sha512-mmirCaZItLSPw7loFPHvdDXO0A2I+cYOQ96eerbWEjqi9V4u+vvYSoUR3Or7HLe1JUZS+T0YWN+jPUASc1hqzg==,
      }
    engines: { node: ">=12" }
    cpu: [riscv64]
    os: [linux]
    requiresBuild: true
    dev: true
    optional: true

  /@esbuild/linux-s390x/0.17.9:
    resolution:
      {
        integrity: sha512-zuL5TDhxstsvxYVZ1McsnfNrO6vlpZmxiNShJmYuYPt8COBJ/4iRkwHZ5Rbf1OkEVazB3/WASNtopv1/Gq19IQ==,
      }
    engines: { node: ">=12" }
    cpu: [s390x]
    os: [linux]
    requiresBuild: true
    dev: true
    optional: true

  /@esbuild/linux-x64/0.17.9:
    resolution:
      {
        integrity: sha512-jVa5NKqwBmq57aNDZOSnNuRTV5GrI93HdjTlyQyRrOs7OSEQq2r9NyaGd6KmzuxLz19XTanFt4WeGoLnjFT1Ug==,
      }
    engines: { node: ">=12" }
    cpu: [x64]
    os: [linux]
    requiresBuild: true
    dev: true
    optional: true

  /@esbuild/netbsd-x64/0.17.9:
    resolution:
      {
        integrity: sha512-BRoQyPJ7aiQ7USFCtGmmrYTbRDa9muZAwoYchfqspd+ef8n2kKcXGQ0K2OqcLEqNFOwhLpAY4y4YAl22FbP+BA==,
      }
    engines: { node: ">=12" }
    cpu: [x64]
    os: [netbsd]
    requiresBuild: true
    dev: true
    optional: true

  /@esbuild/openbsd-x64/0.17.9:
    resolution:
      {
        integrity: sha512-gDCVw9M2k8tyA9GokQEeh+L2gl0EZeGIIj5WB5H97Mb0ADq5Ea8vWyQs2iY1Q/tebcuP8cUoOZWxkCsmlyl1NA==,
      }
    engines: { node: ">=12" }
    cpu: [x64]
    os: [openbsd]
    requiresBuild: true
    dev: true
    optional: true

  /@esbuild/sunos-x64/0.17.9:
    resolution:
      {
        integrity: sha512-f89/xt0Hzp7POTDJYSJvotyFXatxXBGXJyFFTQGJW+NTYhFHaMcrrb41OB3L8sfzYi3PSlM3pZnwlEk1QiBX2g==,
      }
    engines: { node: ">=12" }
    cpu: [x64]
    os: [sunos]
    requiresBuild: true
    dev: true
    optional: true

  /@esbuild/win32-arm64/0.17.9:
    resolution:
      {
        integrity: sha512-jrU/SBHXc3NPS5mPgYeL8pgIrBTwdrnaoLtygkQtuPzz0oBjsTyxV46tZoOctv4Q1Jq06+4zsJWkTzVaoik8FQ==,
      }
    engines: { node: ">=12" }
    cpu: [arm64]
    os: [win32]
    requiresBuild: true
    dev: true
    optional: true

  /@esbuild/win32-ia32/0.17.9:
    resolution:
      {
        integrity: sha512-/oVEu7DurNFM0E6qA18R8xkbYU6xilaTnqG65rqm4XJo8ONuqTzLnj/93bQps7RJIxPI+yKPl0Zx2KifvWUa5A==,
      }
    engines: { node: ">=12" }
    cpu: [ia32]
    os: [win32]
    requiresBuild: true
    dev: true
    optional: true

  /@esbuild/win32-x64/0.17.9:
    resolution:
      {
        integrity: sha512-PLKuXKwlPljFrzzsUO6hHNWcYeE4a8FOX/6AJ7U7PajgKqtBGw2mGYxsfJHGb+UdfgdOapIOsYPgzMTG+SGDrg==,
      }
    engines: { node: ">=12" }
    cpu: [x64]
    os: [win32]
    requiresBuild: true
    dev: true
    optional: true

  /@types/lodash-es/4.17.6:
    resolution:
      {
        integrity: sha512-R+zTeVUKDdfoRxpAryaQNRKk3105Rrgx2CFRClIgRGaqDTdjsm8h6IYA8ir584W3ePzkZfst5xIgDwYrlh9HLg==,
      }
    dependencies:
      "@types/lodash": 4.14.191
    dev: true

  /@types/lodash/4.14.191:
    resolution:
      {
        integrity: sha512-BdZ5BCCvho3EIXw6wUCXHe7rS53AIDPLE+JzwgT+OsJk53oBfbSmZZ7CX4VaRoN78N+TJpFi9QPlfIVNmJYWxQ==,
      }
    dev: true

  /@types/mustache/4.2.2:
    resolution:
      {
        integrity: sha512-MUSpfpW0yZbTgjekDbH0shMYBUD+X/uJJJMm9LXN1d5yjl5lCY1vN/eWKD6D1tOtjA6206K0zcIPnUaFMurdNA==,
      }
    dev: true

  /@types/node/18.13.0:
    resolution:
      {
        integrity: sha512-gC3TazRzGoOnoKAhUx+Q0t8S9Tzs74z7m0ipwGpSqQrleP14hKxP4/JUeEQcD3W1/aIpnWl8pHowI7WokuZpXg==,
      }
    dev: true

  /asynckit/0.4.0:
    resolution:
      {
        integrity: sha512-Oei9OH4tRh0YqU3GxhX79dM/mwVgvbZJaSNaRk+bshkj0S5cfHcgYakreBjrHwatXKbz+IoIdYLxrKim2MjW0Q==,
      }
    dev: false

  /axios-auth-refresh/3.3.6_axios@1.3.3:
    resolution:
      {
        integrity: sha512-2CeBUce/SxIfFxow5/n8vApJ97yYF6qoV4gh1UrswT7aEOnlOdBLxxyhOI4IaxGs6BY0l8YujU2jlc4aCmK17Q==,
      }
    peerDependencies:
      axios: ">= 0.18 < 0.19.0 || >= 0.19.1"
    dependencies:
      axios: 1.3.3
    dev: false

  /axios/1.3.3:
    resolution:
      {
        integrity: sha512-eYq77dYIFS77AQlhzEL937yUBSepBfPIe8FcgEDN35vMNZKMrs81pgnyrQpwfy4NF4b4XWX1Zgx7yX+25w8QJA==,
      }
    dependencies:
      follow-redirects: 1.15.2
      form-data: 4.0.0
      proxy-from-env: 1.1.0
    transitivePeerDependencies:
      - debug
    dev: false

  /buffer-from/1.1.2:
    resolution:
      {
        integrity: sha512-E+XQCRwSbaaiChtv6k6Dwgc+bx+Bs6vuKJHHl5kox/BaKbhiXzqQOwK4cO22yElGp2OCmjwVhT3HmxgyPGnJfQ==,
      }
    dev: true

  /combined-stream/1.0.8:
    resolution:
      {
        integrity: sha512-FQN4MRfuJeHf7cBbBMJFXhKSDq+2kAArBlmRBvcvFE5BB1HZKXtSFASDhdlz9zOYwxh8lDdnvmMOe/+5cdoEdg==,
      }
    engines: { node: ">= 0.8" }
    dependencies:
      delayed-stream: 1.0.0
    dev: false

  /delayed-stream/1.0.0:
    resolution:
      {
        integrity: sha512-ZySD7Nf91aLB0RxL4KGrKHBXl7Eds1DAmEdcoVawXnLD7SDhpNgtuII2aAkg7a7QS41jxPSZ17p4VdGnMHk3MQ==,
      }
    engines: { node: ">=0.4.0" }
    dev: false

  /esbuild/0.17.9:
    resolution:
      {
        integrity: sha512-m3b2MR76QkwKPw/KQBlBJVaIncfQhhXsDMCFPoyqEOIziV+O7BAKqOYT1NbHsnFUX0/98CLWxUfM5stzh4yq4Q==,
      }
    engines: { node: ">=12" }
    hasBin: true
    requiresBuild: true
    optionalDependencies:
      "@esbuild/android-arm": 0.17.9
      "@esbuild/android-arm64": 0.17.9
      "@esbuild/android-x64": 0.17.9
      "@esbuild/darwin-arm64": 0.17.9
      "@esbuild/darwin-x64": 0.17.9
      "@esbuild/freebsd-arm64": 0.17.9
      "@esbuild/freebsd-x64": 0.17.9
      "@esbuild/linux-arm": 0.17.9
      "@esbuild/linux-arm64": 0.17.9
      "@esbuild/linux-ia32": 0.17.9
      "@esbuild/linux-loong64": 0.17.9
      "@esbuild/linux-mips64el": 0.17.9
      "@esbuild/linux-ppc64": 0.17.9
      "@esbuild/linux-riscv64": 0.17.9
      "@esbuild/linux-s390x": 0.17.9
      "@esbuild/linux-x64": 0.17.9
      "@esbuild/netbsd-x64": 0.17.9
      "@esbuild/openbsd-x64": 0.17.9
      "@esbuild/sunos-x64": 0.17.9
      "@esbuild/win32-arm64": 0.17.9
      "@esbuild/win32-ia32": 0.17.9
      "@esbuild/win32-x64": 0.17.9
    dev: true

  /follow-redirects/1.15.2:
    resolution:
      {
        integrity: sha512-VQLG33o04KaQ8uYi2tVNbdrWp1QWxNNea+nmIB4EVM28v0hmP17z7aG1+wAkNzVq4KeXTq3221ye5qTJP91JwA==,
      }
    engines: { node: ">=4.0" }
    peerDependencies:
      debug: "*"
    peerDependenciesMeta:
      debug:
        optional: true
    dev: false

  /form-data/4.0.0:
    resolution:
      {
        integrity: sha512-ETEklSGi5t0QMZuiXoA/Q6vcnxcLQP5vdugSpuAyi6SVGi2clPPp+xgEhuMaHC+zGgn31Kd235W35f7Hykkaww==,
      }
    engines: { node: ">= 6" }
    dependencies:
      asynckit: 0.4.0
      combined-stream: 1.0.8
      mime-types: 2.1.35
    dev: false

  /fp-ts-contrib/0.1.29_fp-ts@2.13.1:
    resolution:
      {
        integrity: sha512-y+f+xlZqYgj2t+Alu/oat10UC491PByvH7XrT0ITc/DbDJK7LDJLShZJy2orjE7PlcJkO5niDenc1A/woyeB/Q==,
      }
    peerDependencies:
      fp-ts: ^2.1.2
    dependencies:
      fp-ts: 2.13.1
    dev: false

  /fp-ts/2.13.1:
    resolution:
      {
        integrity: sha512-0eu5ULPS2c/jsa1lGFneEFFEdTbembJv8e4QKXeVJ3lm/5hyve06dlKZrpxmMwJt6rYen7sxmHHK2CLaXvWuWQ==,
      }
    dev: false

  /fsevents/2.3.2:
    resolution:
      {
        integrity: sha512-xiqMQR4xAeHTuB9uWm+fFRcIOgKBMiOBP+eXiyT7jsgVCq1bkVygt00oASowB7EdtpOHaaPgKt812P9ab+DDKA==,
      }
    engines: { node: ^8.16.0 || ^10.6.0 || >=11.0.0 }
    os: [darwin]
    requiresBuild: true
    dev: true
    optional: true

  /get-tsconfig/4.4.0:
    resolution:
      {
        integrity: sha512-0Gdjo/9+FzsYhXCEFueo2aY1z1tpXrxWZzP7k8ul9qt1U5o8rYJwTJYmaeHdrVosYIVYkOy2iwCJ9FdpocJhPQ==,
      }
    dev: true

  /is-retry-allowed/3.0.0:
    resolution:
      {
        integrity: sha512-9xH0xvoggby+u0uGF7cZXdrutWiBiaFG8ZT4YFPXL8NzkyAwX3AKGLeFQLvzDpM430+nDFBZ1LHkie/8ocL06A==,
      }
    engines: { node: ">=12" }
    dev: false

  /iso-base64/1.0.0:
    resolution:
      {
        integrity: sha512-NLpU/X2IW5vjC0KW6cBXkvmxkGgSqkQu9lKMiRr8V7v6zK1p0+KnNLrHlgoaX63Y+MBAvyAkVvp7aUaL6vBbRQ==,
      }
    dev: false

  /lodash-es/4.17.21:
    resolution:
      {
        integrity: sha512-mKnC+QJ9pWVzv+C4/U3rRsHapFfHvQFoFB92e52xeyGMcX6/OlIl78je1u8vePzYZSkkogMPJ2yjxxsb89cxyw==,
      }
    dev: false

  /mime-db/1.52.0:
    resolution:
      {
        integrity: sha512-sPU4uV7dYlvtWJxwwxHD0PuihVNiE7TyAbQ5SWxDCB9mUYvOgroQOwYQQOKPJ8CIbE+1ETVlOoK1UC2nU3gYvg==,
      }
    engines: { node: ">= 0.6" }
    dev: false

  /mime-types/2.1.35:
    resolution:
      {
        integrity: sha512-ZDY+bPm5zTTF+YpCrAU9nK0UgICYPT0QtT1NZWFv4s++TNkcgVaT0g6+4R2uI4MjQjzysHB1zxuWL50hzaeXiw==,
      }
    engines: { node: ">= 0.6" }
    dependencies:
      mime-db: 1.52.0
    dev: false

  /mustache/4.2.0:
    resolution:
      {
        integrity: sha512-71ippSywq5Yb7/tVYyGbkBggbU8H3u5Rz56fH60jGFgr8uHwxs+aSKeqmluIVzM0m0kB7xQjKS6qPfd0b2ZoqQ==,
      }
    hasBin: true
    dev: true

  /prettier/2.8.4:
    resolution:
      {
        integrity: sha512-vIS4Rlc2FNh0BySk3Wkd6xmwxB0FpOndW5fisM5H8hsZSxU2VWVB5CWIkIjWvrHjIhxk2g3bfMKM87zNTrZddw==,
      }
    engines: { node: ">=10.13.0" }
    hasBin: true
    dev: true

  /proxy-from-env/1.1.0:
    resolution:
      {
        integrity: sha512-D+zkORCbA9f1tdWRK0RaCR3GPv50cMxcrz4X8k5LTSUD1Dkw47mKJEZQNunItRTkWwgtaUSo1RVFRIG9ZXiFYg==,
      }
    dev: false

  /rxjs/7.8.0:
    resolution:
      {
        integrity: sha512-F2+gxDshqmIub1KdvZkaEfGDwLNpPvk9Fs6LD/MyQxNgMds/WH9OdDDXOmxUZpME+iSK3rQCctkL0DYyytUqMg==,
      }
    dependencies:
      tslib: 2.5.0
    dev: false

  /source-map-support/0.5.21:
    resolution:
      {
        integrity: sha512-uBHU3L3czsIyYXKX88fdrGovxdSCoTGDRZ6SYXtSRxLZUzHg5P/66Ht6uoUlHu9EZod+inXhKo3qQgwXUT/y1w==,
      }
    dependencies:
      buffer-from: 1.1.2
      source-map: 0.6.1
    dev: true

  /source-map/0.6.1:
    resolution:
      {
        integrity: sha512-UjgapumWlbMhkBgzT7Ykc5YXUT46F0iKu8SGXq0bcwP5dz/h0Plj6enJqjz1Zbq2l5WaqYnrVbwWOWMyF3F47g==,
      }
    engines: { node: ">=0.10.0" }
    dev: true

  /ts-extras/0.11.0:
    resolution:
      {
        integrity: sha512-yrbnkpcvtPiPXVFrvHHqNnCxUplqabQGX+UL5s+hpdaBeochNvixdFpgX/0MsPT99uwWv87wivdLCNezLy5OIA==,
      }
    engines: { node: ">=14.16" }
    dependencies:
      type-fest: 2.19.0
    dev: false

  /tslib/2.5.0:
    resolution:
      {
        integrity: sha512-336iVw3rtn2BUK7ORdIAHTyxHGRIHVReokCR3XjbckJMK7ms8FysBfhLR8IXnAgy7T0PTPNBWKiH514FOW/WSg==,
      }
    dev: false

  /tsx/3.12.3:
    resolution:
      {
        integrity: sha512-Wc5BFH1xccYTXaQob+lEcimkcb/Pq+0en2s+ruiX0VEIC80nV7/0s7XRahx8NnsoCnpCVUPz8wrqVSPi760LkA==,
      }
    hasBin: true
    dependencies:
      "@esbuild-kit/cjs-loader": 2.4.2
      "@esbuild-kit/core-utils": 3.1.0
      "@esbuild-kit/esm-loader": 2.5.5
    optionalDependencies:
      fsevents: 2.3.2
    dev: true

  /type-fest/2.19.0:
    resolution:
      {
        integrity: sha512-RAH822pAdBgcNMAfWnCBU3CFZcfZ/i1eZjwFU/dsLKumyuuP3niueg2UAukXYF0E2AAoc82ZSSf9J0WQBinzHA==,
      }
    engines: { node: ">=12.20" }
    dev: false

  /type-fest/3.5.7:
    resolution:
      {
        integrity: sha512-6J4bYzb4sdkcLBty4XW7F18VPI66M4boXNE+CY40532oq2OJe6AVMB5NmjOp6skt/jw5mRjz/hLRpuglz0U+FA==,
      }
    engines: { node: ">=14.16" }
    dev: false

  /typescript/5.0.0-beta:
    resolution:
      {
        integrity: sha512-+SSabbSXG5mtF+QGdV9uXXt9Saq1cSyI6hSG7znhaLoquleJpnmfkwSxFngK9c2fWWi1W/263TuzXQOsIcdjjA==,
      }
    engines: { node: ">=4.2.0" }
    hasBin: true
    dev: true

  /valorant-api-types/0.4.1:
    resolution:
      {
        integrity: sha512-z3F7BN8iupxInDMUYF1b8e+MJswfpnun5K5LRHTt2yceahDh40pg086LA/mdH6gkVAuhOA7Sj1629WNXdOg/Cg==,
      }
    dependencies:
      iso-base64: 1.0.0
      zod: 3.20.6
    dev: false

  /zod/3.20.6:
    resolution:
      {
        integrity: sha512-oyu0m54SGCtzh6EClBVqDDlAYRz4jrVtKwQ7ZnsEmMI9HnzuZFj8QFwAY1M5uniIYACdGvv0PBWPF2kO0aNofA==,
      }
    dev: false
